{
  "name": "assets",
  "lockfileVersion": 2,
  "requires": true,
  "packages": {
    "": {
      "devDependencies": {
        "daisyui": "^5.0.13"
      }
    },
    "node_modules/daisyui": {
      "version": "5.0.13",
      "resolved": "https://registry.npmjs.org/daisyui/-/daisyui-5.0.13.tgz",
      "integrity": "sha512-ZYQgZhfMqyFNh4aIzcsILzuErBbp1/tfUIs18/D3oKuJgmfiuPf1KUZzvoGjc8f2/JK0LWZh+BAYSVtWZq2awQ==",
      "dev": true,
      "funding": {
        "url": "https://github.com/saadeghi/daisyui?sponsor=1"
      }
    }
  },
  "dependencies": {
    "daisyui": {
      "version": "5.0.13",
      "resolved": "https://registry.npmjs.org/daisyui/-/daisyui-5.0.13.tgz",
      "integrity": "sha512-ZYQgZhfMqyFNh4aIzcsILzuErBbp1/tfUIs18/D3oKuJgmfiuPf1KUZzvoGjc8f2/JK0LWZh+BAYSVtWZq2awQ==",
      "dev": true
    }
  }
}
